
Microsoft Visual Studio Solution File, Format Version 12.00
Project("{FAE04EC0-301F-11D3-BF4B-00C04F79EFBC}") = "NextcloudWebdavApi", "NextcloudWebdavApi\NextcloudWebdavApi.csproj", "{D16D92F2-8F4A-469A-9EE2-D92C848A0B47}"
EndProject
Project("{2150E333-8FDC-42A3-9474-1A3956D46DE8}") = "Solution Items", "Solution Items", "{35E8E2BE-257F-4E3B-A685-9AA4E7975536}"
	ProjectSection(SolutionItems) = preProject
		.github\workflows\ci.yml = .github\workflows\ci.yml
		Dockerfile = Dockerfile
		.dockerignore = .dockerignore
	EndProjectSection
EndProject
Global
	GlobalSection(SolutionConfigurationPlatforms) = preSolution
		Debug|Any CPU = Debug|Any CPU
		Release|Any CPU = Release|Any CPU
	EndGlobalSection
	GlobalSection(ProjectConfigurationPlatforms) = postSolution
		{D16D92F2-8F4A-469A-9EE2-D92C848A0B47}.Debug|Any CPU.ActiveCfg = Debug|Any CPU
		{D16D92F2-8F4A-469A-9EE2-D92C848A0B47}.Debug|Any CPU.Build.0 = Debug|Any CPU
		{D16D92F2-8F4A-469A-9EE2-D92C848A0B47}.Release|Any CPU.ActiveCfg = Release|Any CPU
		{D16D92F2-8F4A-469A-9EE2-D92C848A0B47}.Release|Any CPU.Build.0 = Release|Any CPU
	EndGlobalSection
EndGlobal
